
Microsoft Visual Studio Solution File, Format Version 12.00
# Visual Studio Version 16
VisualStudioVersion = 16.0.29123.88
MinimumVisualStudioVersion = 10.0.40219.1
Project("{FAE04EC0-301F-11D3-BF4B-00C04F79EFBC}") = "ADUC2", "ADUC2\ADUC2.csproj", "{C222BDD6-3C14-4850-B1DA-EBDE2AA64611}"
EndProject
Project("{FAE04EC0-301F-11D3-BF4B-00C04F79EFBC}") = "ADUC2.Tests", "ADUC2.Tests\ADUC2.Tests.csproj", "{EA17B0FD-1D29-4751-92A4-2C2351F901AB}"
EndProject
Global
	GlobalSection(SolutionConfigurationPlatforms) = preSolution
		Debug|Any CPU = Debug|Any CPU
		Release|Any CPU = Release|Any CPU
	EndGlobalSection
	GlobalSection(ProjectConfigurationPlatforms) = postSolution
		{C222BDD6-3C14-4850-B1DA-EBDE2AA64611}.Debug|Any CPU.ActiveCfg = Debug|Any CPU
		{C222BDD6-3C14-4850-B1DA-EBDE2AA64611}.Debug|Any CPU.Build.0 = Debug|Any CPU
		{C222BDD6-3C14-4850-B1DA-EBDE2AA64611}.Release|Any CPU.ActiveCfg = Release|Any CPU
		{C222BDD6-3C14-4850-B1DA-EBDE2AA64611}.Release|Any CPU.Build.0 = Release|Any CPU
		{EA17B0FD-1D29-4751-92A4-2C2351F901AB}.Debug|Any CPU.ActiveCfg = Debug|Any CPU
		{EA17B0FD-1D29-4751-92A4-2C2351F901AB}.Debug|Any CPU.Build.0 = Debug|Any CPU
		{EA17B0FD-1D29-4751-92A4-2C2351F901AB}.Release|Any CPU.ActiveCfg = Release|Any CPU
		{EA17B0FD-1D29-4751-92A4-2C2351F901AB}.Release|Any CPU.Build.0 = Release|Any CPU
	EndGlobalSection
	GlobalSection(SolutionProperties) = preSolution
		HideSolutionNode = FALSE
	EndGlobalSection
	GlobalSection(ExtensibilityGlobals) = postSolution
		SolutionGuid = {05A24A7F-4BC5-4000-85F2-F3ECCFFE8E06}
	EndGlobalSection
EndGlobal
